
Microsoft Visual Studio Solution File, Format Version 12.00
# Visual Studio Version 17
VisualStudioVersion = 17.0.31903.59
MinimumVisualStudioVersion = 10.0.40219.1
Project("{FAE04EC0-301F-11D3-BF4B-00C04F79EFBC}") = "StoreApp", "StoreApp\StoreApp.csproj", "{56F895CC-4BA6-485C-A064-4349AB8FC92F}"
EndProject
Project("{FAE04EC0-301F-11D3-BF4B-00C04F79EFBC}") = "Entities", "Entities\Entities.csproj", "{553D4F9E-2508-4694-A4C9-7D8AE2D62670}"
EndProject
Project("{FAE04EC0-301F-11D3-BF4B-00C04F79EFBC}") = "Repositories", "Repositories\Repositories.csproj", "{59D1D0A0-A14E-490A-A9DF-48E191EEE796}"
EndProject
Project("{FAE04EC0-301F-11D3-BF4B-00C04F79EFBC}") = "Services", "Services\Services.csproj", "{CB31EC0B-9A7D-4C19-A98C-73247857E257}"
EndProject
Project("{FAE04EC0-301F-11D3-BF4B-00C04F79EFBC}") = "Presentation", "Presentation\Presentation.csproj", "{63369BA5-49D6-48A7-BA44-147F4D0710D0}"
EndProject
Global
	GlobalSection(SolutionConfigurationPlatforms) = preSolution
		Debug|Any CPU = Debug|Any CPU
		Debug|x64 = Debug|x64
		Debug|x86 = Debug|x86
		Release|Any CPU = Release|Any CPU
		Release|x64 = Release|x64
		Release|x86 = Release|x86
	EndGlobalSection
	GlobalSection(ProjectConfigurationPlatforms) = postSolution
		{56F895CC-4BA6-485C-A064-4349AB8FC92F}.Debug|Any CPU.ActiveCfg = Debug|Any CPU
		{56F895CC-4BA6-485C-A064-4349AB8FC92F}.Debug|Any CPU.Build.0 = Debug|Any CPU
		{56F895CC-4BA6-485C-A064-4349AB8FC92F}.Debug|x64.ActiveCfg = Debug|Any CPU
		{56F895CC-4BA6-485C-A064-4349AB8FC92F}.Debug|x64.Build.0 = Debug|Any CPU
		{56F895CC-4BA6-485C-A064-4349AB8FC92F}.Debug|x86.ActiveCfg = Debug|Any CPU
		{56F895CC-4BA6-485C-A064-4349AB8FC92F}.Debug|x86.Build.0 = Debug|Any CPU
		{56F895CC-4BA6-485C-A064-4349AB8FC92F}.Release|Any CPU.ActiveCfg = Release|Any CPU
		{56F895CC-4BA6-485C-A064-4349AB8FC92F}.Release|Any CPU.Build.0 = Release|Any CPU
		{56F895CC-4BA6-485C-A064-4349AB8FC92F}.Release|x64.ActiveCfg = Release|Any CPU
		{56F895CC-4BA6-485C-A064-4349AB8FC92F}.Release|x64.Build.0 = Release|Any CPU
		{56F895CC-4BA6-485C-A064-4349AB8FC92F}.Release|x86.ActiveCfg = Release|Any CPU
		{56F895CC-4BA6-485C-A064-4349AB8FC92F}.Release|x86.Build.0 = Release|Any CPU
		{553D4F9E-2508-4694-A4C9-7D8AE2D62670}.Debug|Any CPU.ActiveCfg = Debug|Any CPU
		{553D4F9E-2508-4694-A4C9-7D8AE2D62670}.Debug|Any CPU.Build.0 = Debug|Any CPU
		{553D4F9E-2508-4694-A4C9-7D8AE2D62670}.Debug|x64.ActiveCfg = Debug|Any CPU
		{553D4F9E-2508-4694-A4C9-7D8AE2D62670}.Debug|x64.Build.0 = Debug|Any CPU
		{553D4F9E-2508-4694-A4C9-7D8AE2D62670}.Debug|x86.ActiveCfg = Debug|Any CPU
		{553D4F9E-2508-4694-A4C9-7D8AE2D62670}.Debug|x86.Build.0 = Debug|Any CPU
		{553D4F9E-2508-4694-A4C9-7D8AE2D62670}.Release|Any CPU.ActiveCfg = Release|Any CPU
		{553D4F9E-2508-4694-A4C9-7D8AE2D62670}.Release|Any CPU.Build.0 = Release|Any CPU
		{553D4F9E-2508-4694-A4C9-7D8AE2D62670}.Release|x64.ActiveCfg = Release|Any CPU
		{553D4F9E-2508-4694-A4C9-7D8AE2D62670}.Release|x64.Build.0 = Release|Any CPU
		{553D4F9E-2508-4694-A4C9-7D8AE2D62670}.Release|x86.ActiveCfg = Release|Any CPU
		{553D4F9E-2508-4694-A4C9-7D8AE2D62670}.Release|x86.Build.0 = Release|Any CPU
		{59D1D0A0-A14E-490A-A9DF-48E191EEE796}.Debug|Any CPU.ActiveCfg = Debug|Any CPU
		{59D1D0A0-A14E-490A-A9DF-48E191EEE796}.Debug|Any CPU.Build.0 = Debug|Any CPU
		{59D1D0A0-A14E-490A-A9DF-48E191EEE796}.Debug|x64.ActiveCfg = Debug|Any CPU
		{59D1D0A0-A14E-490A-A9DF-48E191EEE796}.Debug|x64.Build.0 = Debug|Any CPU
		{59D1D0A0-A14E-490A-A9DF-48E191EEE796}.Debug|x86.ActiveCfg = Debug|Any CPU
		{59D1D0A0-A14E-490A-A9DF-48E191EEE796}.Debug|x86.Build.0 = Debug|Any CPU
		{59D1D0A0-A14E-490A-A9DF-48E191EEE796}.Release|Any CPU.ActiveCfg = Release|Any CPU
		{59D1D0A0-A14E-490A-A9DF-48E191EEE796}.Release|Any CPU.Build.0 = Release|Any CPU
		{59D1D0A0-A14E-490A-A9DF-48E191EEE796}.Release|x64.ActiveCfg = Release|Any CPU
		{59D1D0A0-A14E-490A-A9DF-48E191EEE796}.Release|x64.Build.0 = Release|Any CPU
		{59D1D0A0-A14E-490A-A9DF-48E191EEE796}.Release|x86.ActiveCfg = Release|Any CPU
		{59D1D0A0-A14E-490A-A9DF-48E191EEE796}.Release|x86.Build.0 = Release|Any CPU
		{CB31EC0B-9A7D-4C19-A98C-73247857E257}.Debug|Any CPU.ActiveCfg = Debug|Any CPU
		{CB31EC0B-9A7D-4C19-A98C-73247857E257}.Debug|Any CPU.Build.0 = Debug|Any CPU
		{CB31EC0B-9A7D-4C19-A98C-73247857E257}.Debug|x64.ActiveCfg = Debug|Any CPU
		{CB31EC0B-9A7D-4C19-A98C-73247857E257}.Debug|x64.Build.0 = Debug|Any CPU
		{CB31EC0B-9A7D-4C19-A98C-73247857E257}.Debug|x86.ActiveCfg = Debug|Any CPU
		{CB31EC0B-9A7D-4C19-A98C-73247857E257}.Debug|x86.Build.0 = Debug|Any CPU
		{CB31EC0B-9A7D-4C19-A98C-73247857E257}.Release|Any CPU.ActiveCfg = Release|Any CPU
		{CB31EC0B-9A7D-4C19-A98C-73247857E257}.Release|Any CPU.Build.0 = Release|Any CPU
		{CB31EC0B-9A7D-4C19-A98C-73247857E257}.Release|x64.ActiveCfg = Release|Any CPU
		{CB31EC0B-9A7D-4C19-A98C-73247857E257}.Release|x64.Build.0 = Release|Any CPU
		{CB31EC0B-9A7D-4C19-A98C-73247857E257}.Release|x86.ActiveCfg = Release|Any CPU
		{CB31EC0B-9A7D-4C19-A98C-73247857E257}.Release|x86.Build.0 = Release|Any CPU
		{63369BA5-49D6-48A7-BA44-147F4D0710D0}.Debug|Any CPU.ActiveCfg = Debug|Any CPU
		{63369BA5-49D6-48A7-BA44-147F4D0710D0}.Debug|Any CPU.Build.0 = Debug|Any CPU
		{63369BA5-49D6-48A7-BA44-147F4D0710D0}.Debug|x64.ActiveCfg = Debug|Any CPU
		{63369BA5-49D6-48A7-BA44-147F4D0710D0}.Debug|x64.Build.0 = Debug|Any CPU
		{63369BA5-49D6-48A7-BA44-147F4D0710D0}.Debug|x86.ActiveCfg = Debug|Any CPU
		{63369BA5-49D6-48A7-BA44-147F4D0710D0}.Debug|x86.Build.0 = Debug|Any CPU
		{63369BA5-49D6-48A7-BA44-147F4D0710D0}.Release|Any CPU.ActiveCfg = Release|Any CPU
		{63369BA5-49D6-48A7-BA44-147F4D0710D0}.Release|Any CPU.Build.0 = Release|Any CPU
		{63369BA5-49D6-48A7-BA44-147F4D0710D0}.Release|x64.ActiveCfg = Release|Any CPU
		{63369BA5-49D6-48A7-BA44-147F4D0710D0}.Release|x64.Build.0 = Release|Any CPU
		{63369BA5-49D6-48A7-BA44-147F4D0710D0}.Release|x86.ActiveCfg = Release|Any CPU
		{63369BA5-49D6-48A7-BA44-147F4D0710D0}.Release|x86.Build.0 = Release|Any CPU
	EndGlobalSection
	GlobalSection(SolutionProperties) = preSolution
		HideSolutionNode = FALSE
	EndGlobalSection
	GlobalSection(ExtensibilityGlobals) = postSolution
		SolutionGuid = {DA5A31A7-1179-49A4-A232-DFA196E62CE2}
	EndGlobalSection
EndGlobal
